
Microsoft Visual Studio Solution File, Format Version 12.00
# Visual Studio Version 16
VisualStudioVersion = 16.0.29519.181
MinimumVisualStudioVersion = 10.0.40219.1
Project("{9A19103F-16F7-4668-BE54-9A1E7A4F7556}") = "DesignPatterns", "DesignPatterns\DesignPatterns.csproj", "{D808C45D-80BF-40E0-9932-D061612FF99F}"
EndProject
Project("{FAE04EC0-301F-11D3-BF4B-00C04F79EFBC}") = "DesignPatternsTest", "DesignPatternsTest\DesignPatternsTest.csproj", "{7DE6FE3B-2E44-41A0-B1F8-C6351D1289AB}"
EndProject
Global
	GlobalSection(SolutionConfigurationPlatforms) = preSolution
		Debug|Any CPU = Debug|Any CPU
		Release|Any CPU = Release|Any CPU
	EndGlobalSection
	GlobalSection(ProjectConfigurationPlatforms) = postSolution
		{D808C45D-80BF-40E0-9932-D061612FF99F}.Debug|Any CPU.ActiveCfg = Debug|Any CPU
		{D808C45D-80BF-40E0-9932-D061612FF99F}.Debug|Any CPU.Build.0 = Debug|Any CPU
		{D808C45D-80BF-40E0-9932-D061612FF99F}.Release|Any CPU.ActiveCfg = Release|Any CPU
		{D808C45D-80BF-40E0-9932-D061612FF99F}.Release|Any CPU.Build.0 = Release|Any CPU
		{7DE6FE3B-2E44-41A0-B1F8-C6351D1289AB}.Debug|Any CPU.ActiveCfg = Debug|Any CPU
		{7DE6FE3B-2E44-41A0-B1F8-C6351D1289AB}.Debug|Any CPU.Build.0 = Debug|Any CPU
		{7DE6FE3B-2E44-41A0-B1F8-C6351D1289AB}.Release|Any CPU.ActiveCfg = Release|Any CPU
		{7DE6FE3B-2E44-41A0-B1F8-C6351D1289AB}.Release|Any CPU.Build.0 = Release|Any CPU
	EndGlobalSection
	GlobalSection(SolutionProperties) = preSolution
		HideSolutionNode = FALSE
	EndGlobalSection
	GlobalSection(ExtensibilityGlobals) = postSolution
		SolutionGuid = {ADCFB02E-4AF6-41BF-8223-F0322F9C52B1}
	EndGlobalSection
EndGlobal
